<?xml version="1.0" encoding="UTF-8"?>
<!DOCTYPE plist PUBLIC "-//Apple//DTD PLIST 1.0//EN" "http://www.apple.com/DTDs/PropertyList-1.0.dtd">
<plist version="1.0">
<dict>
	<key>BuildNumber</key>
	<string>430000100</string>
	<key>BundleIdentifier</key>
	<string>com.barebones.bbedit</string>
	<key>HostIdentifier</key>
	<string>C21D04F7-BD88-5DEC-821E-F5C17B05474F</string>
	<key>HostName</key>
	<string>sbiickertmac23</string>
	<key>LockDate</key>
	<date>2025-09-14T14:12:09Z</date>
	<key>LockID</key>
	<string>4397E03A-354A-400B-8683-29AED658F37F</string>
	<key>MarketingVersion</key>
	<string>15.5.3</string>
	<key>NetworkVolume</key>
	<false/>
	<key>ProcessIdentifier</key>
	<integer>8321</integer>
	<key>UserName</key>
	<string>sjb</string>
	<key>Version</key>
	<integer>3</integer>
	<key>VolumeIdentifier</key>
	<string>719D0AAE-D407-4BB7-B037-2CB1BB150774</string>
</dict>
</plist>
